
Microsoft Visual Studio Solution File, Format Version 12.00
# Visual Studio Version 17
VisualStudioVersion = 17.10.35013.160
MinimumVisualStudioVersion = 10.0.40219.1
Project("{9A19103F-16F7-4668-BE54-9A1E7A4F7556}") = "src/JiteLang", "src/JiteLang.csproj", "{958F0689-76B5-4B3E-975E-5E57D78C91CC}"
EndProject
Global
	GlobalSection(SolutionConfigurationPlatforms) = preSolution
		Debug|Any CPU = Debug|Any CPU
		Release|Any CPU = Release|Any CPU
	EndGlobalSection
	GlobalSection(ProjectConfigurationPlatforms) = postSolution
		{958F0689-76B5-4B3E-975E-5E57D78C91CC}.Debug|Any CPU.ActiveCfg = Debug|Any CPU
		{958F0689-76B5-4B3E-975E-5E57D78C91CC}.Debug|Any CPU.Build.0 = Debug|Any CPU
		{958F0689-76B5-4B3E-975E-5E57D78C91CC}.Release|Any CPU.ActiveCfg = Release|Any CPU
		{958F0689-76B5-4B3E-975E-5E57D78C91CC}.Release|Any CPU.Build.0 = Release|Any CPU
	EndGlobalSection
	GlobalSection(SolutionProperties) = preSolution
		HideSolutionNode = FALSE
	EndGlobalSection
	GlobalSection(ExtensibilityGlobals) = postSolution
		SolutionGuid = {9C62EAE8-74FC-4E5F-A060-4BC501D295BE}
	EndGlobalSection
EndGlobal
